
Microsoft Visual Studio Solution File, Format Version 12.00
# Visual Studio 15
VisualStudioVersion = 15.0.27703.2000
MinimumVisualStudioVersion = 10.0.40219.1
Project("{9A19103F-16F7-4668-BE54-9A1E7A4F7556}") = "CBAM.Abstractions", "CBAM.Abstractions\CBAM.Abstractions.csproj", "{E07D7ACC-3915-4B37-B113-790BE6987E11}"
EndProject
Project("{9A19103F-16F7-4668-BE54-9A1E7A4F7556}") = "CBAM.Abstractions.Implementation", "CBAM.Abstractions.Implementation\CBAM.Abstractions.Implementation.csproj", "{B032D33B-8FAB-4577-8939-2127DAC444F1}"
EndProject
Project("{9A19103F-16F7-4668-BE54-9A1E7A4F7556}") = "CBAM.Abstractions.Implementation.Tabular", "CBAM.Abstractions.Implementation.Tabular\CBAM.Abstractions.Implementation.Tabular.csproj", "{8D9514AA-5EAB-462D-9C61-710C9A07E86F}"
EndProject
Project("{9A19103F-16F7-4668-BE54-9A1E7A4F7556}") = "CBAM.HTTP", "CBAM.HTTP\CBAM.HTTP.csproj", "{E66B9EA0-F2BF-475E-AE89-E25BEE946053}"
EndProject
Project("{9A19103F-16F7-4668-BE54-9A1E7A4F7556}") = "CBAM.HTTP.Implementation", "CBAM.HTTP.Implementation\CBAM.HTTP.Implementation.csproj", "{2B2B0D27-C212-4D45-8917-C72479BC3F0F}"
EndProject
Project("{9A19103F-16F7-4668-BE54-9A1E7A4F7556}") = "CBAM.HTTP.Tests", "CBAM.HTTP.Tests\CBAM.HTTP.Tests.csproj", "{3DECB982-F192-4C4B-8013-FC277F96E1D8}"
EndProject
Project("{9A19103F-16F7-4668-BE54-9A1E7A4F7556}") = "CBAM.NATS", "CBAM.NATS\CBAM.NATS.csproj", "{83E0DC94-B978-40CA-B903-9F57E8142574}"
EndProject
Project("{9A19103F-16F7-4668-BE54-9A1E7A4F7556}") = "CBAM.NATS.Implementation", "CBAM.NATS.Implementation\CBAM.NATS.Implementation.csproj", "{21D475D8-576B-4EBD-898A-72339D1CF98E}"
EndProject
Project("{9A19103F-16F7-4668-BE54-9A1E7A4F7556}") = "CBAM.NATS.Tests", "CBAM.NATS.Tests\CBAM.NATS.Tests.csproj", "{3494BFE4-6E48-497E-981B-445F21E01659}"
EndProject
Project("{9A19103F-16F7-4668-BE54-9A1E7A4F7556}") = "CBAM.SQL", "CBAM.SQL\CBAM.SQL.csproj", "{D9A562EF-882F-4CEA-BA20-CE7845D1202C}"
EndProject
Project("{9A19103F-16F7-4668-BE54-9A1E7A4F7556}") = "CBAM.SQL.Implementation", "CBAM.SQL.Implementation\CBAM.SQL.Implementation.csproj", "{584063BC-FB32-4B2C-944D-C7D0D57274A0}"
EndProject
Project("{9A19103F-16F7-4668-BE54-9A1E7A4F7556}") = "CBAM.SQL.MSBuild", "CBAM.SQL.MSBuild\CBAM.SQL.MSBuild.csproj", "{B88AD963-8F70-42A6-A468-99244A9EE29C}"
EndProject
Project("{9A19103F-16F7-4668-BE54-9A1E7A4F7556}") = "CBAM.SQL.PostgreSQL", "CBAM.SQL.PostgreSQL\CBAM.SQL.PostgreSQL.csproj", "{086C7CF2-806F-4D2D-929F-8294CB98B727}"
EndProject
Project("{9A19103F-16F7-4668-BE54-9A1E7A4F7556}") = "CBAM.SQL.PostgreSQL.Implementation", "CBAM.SQL.PostgreSQL.Implementation\CBAM.SQL.PostgreSQL.Implementation.csproj", "{A865129C-122E-4101-82FE-873AC1680BFD}"
EndProject
Project("{9A19103F-16F7-4668-BE54-9A1E7A4F7556}") = "CBAM.SQL.PostgreSQL.JSON", "CBAM.SQL.PostgreSQL.JSON\CBAM.SQL.PostgreSQL.JSON.csproj", "{2CE7ED92-9469-4C3A-9BDF-DD4D48F3A790}"
EndProject
Project("{9A19103F-16F7-4668-BE54-9A1E7A4F7556}") = "CBAM.SQL.PostgreSQL.Tests", "CBAM.SQL.PostgreSQL.Tests\CBAM.SQL.PostgreSQL.Tests.csproj", "{68FF2FD9-EEAE-4454-B85E-0AEDEAB69A8E}"
EndProject
Project("{FAE04EC0-301F-11D3-BF4B-00C04F79EFBC}") = "CBAM.Abstractions.Implementation.NetworkStream", "CBAM.Abstractions.Implementation.NetworkStream\CBAM.Abstractions.Implementation.NetworkStream.csproj", "{2BA447E3-CB20-4855-8C42-CCF4BF539049}"
EndProject
Global
	GlobalSection(SolutionConfigurationPlatforms) = preSolution
		Debug|Any CPU = Debug|Any CPU
		Release|Any CPU = Release|Any CPU
	EndGlobalSection
	GlobalSection(ProjectConfigurationPlatforms) = postSolution
		{E07D7ACC-3915-4B37-B113-790BE6987E11}.Debug|Any CPU.ActiveCfg = Debug|Any CPU
		{E07D7ACC-3915-4B37-B113-790BE6987E11}.Debug|Any CPU.Build.0 = Debug|Any CPU
		{E07D7ACC-3915-4B37-B113-790BE6987E11}.Release|Any CPU.ActiveCfg = Release|Any CPU
		{E07D7ACC-3915-4B37-B113-790BE6987E11}.Release|Any CPU.Build.0 = Release|Any CPU
		{B032D33B-8FAB-4577-8939-2127DAC444F1}.Debug|Any CPU.ActiveCfg = Debug|Any CPU
		{B032D33B-8FAB-4577-8939-2127DAC444F1}.Debug|Any CPU.Build.0 = Debug|Any CPU
		{B032D33B-8FAB-4577-8939-2127DAC444F1}.Release|Any CPU.ActiveCfg = Release|Any CPU
		{B032D33B-8FAB-4577-8939-2127DAC444F1}.Release|Any CPU.Build.0 = Release|Any CPU
		{8D9514AA-5EAB-462D-9C61-710C9A07E86F}.Debug|Any CPU.ActiveCfg = Debug|Any CPU
		{8D9514AA-5EAB-462D-9C61-710C9A07E86F}.Debug|Any CPU.Build.0 = Debug|Any CPU
		{8D9514AA-5EAB-462D-9C61-710C9A07E86F}.Release|Any CPU.ActiveCfg = Release|Any CPU
		{8D9514AA-5EAB-462D-9C61-710C9A07E86F}.Release|Any CPU.Build.0 = Release|Any CPU
		{E66B9EA0-F2BF-475E-AE89-E25BEE946053}.Debug|Any CPU.ActiveCfg = Debug|Any CPU
		{E66B9EA0-F2BF-475E-AE89-E25BEE946053}.Debug|Any CPU.Build.0 = Debug|Any CPU
		{E66B9EA0-F2BF-475E-AE89-E25BEE946053}.Release|Any CPU.ActiveCfg = Release|Any CPU
		{E66B9EA0-F2BF-475E-AE89-E25BEE946053}.Release|Any CPU.Build.0 = Release|Any CPU
		{2B2B0D27-C212-4D45-8917-C72479BC3F0F}.Debug|Any CPU.ActiveCfg = Debug|Any CPU
		{2B2B0D27-C212-4D45-8917-C72479BC3F0F}.Debug|Any CPU.Build.0 = Debug|Any CPU
		{2B2B0D27-C212-4D45-8917-C72479BC3F0F}.Release|Any CPU.ActiveCfg = Release|Any CPU
		{2B2B0D27-C212-4D45-8917-C72479BC3F0F}.Release|Any CPU.Build.0 = Release|Any CPU
		{3DECB982-F192-4C4B-8013-FC277F96E1D8}.Debug|Any CPU.ActiveCfg = Debug|Any CPU
		{3DECB982-F192-4C4B-8013-FC277F96E1D8}.Debug|Any CPU.Build.0 = Debug|Any CPU
		{3DECB982-F192-4C4B-8013-FC277F96E1D8}.Release|Any CPU.ActiveCfg = Release|Any CPU
		{3DECB982-F192-4C4B-8013-FC277F96E1D8}.Release|Any CPU.Build.0 = Release|Any CPU
		{83E0DC94-B978-40CA-B903-9F57E8142574}.Debug|Any CPU.ActiveCfg = Debug|Any CPU
		{83E0DC94-B978-40CA-B903-9F57E8142574}.Debug|Any CPU.Build.0 = Debug|Any CPU
		{83E0DC94-B978-40CA-B903-9F57E8142574}.Release|Any CPU.ActiveCfg = Release|Any CPU
		{83E0DC94-B978-40CA-B903-9F57E8142574}.Release|Any CPU.Build.0 = Release|Any CPU
		{21D475D8-576B-4EBD-898A-72339D1CF98E}.Debug|Any CPU.ActiveCfg = Debug|Any CPU
		{21D475D8-576B-4EBD-898A-72339D1CF98E}.Debug|Any CPU.Build.0 = Debug|Any CPU
		{21D475D8-576B-4EBD-898A-72339D1CF98E}.Release|Any CPU.ActiveCfg = Release|Any CPU
		{21D475D8-576B-4EBD-898A-72339D1CF98E}.Release|Any CPU.Build.0 = Release|Any CPU
		{3494BFE4-6E48-497E-981B-445F21E01659}.Debug|Any CPU.ActiveCfg = Debug|Any CPU
		{3494BFE4-6E48-497E-981B-445F21E01659}.Debug|Any CPU.Build.0 = Debug|Any CPU
		{3494BFE4-6E48-497E-981B-445F21E01659}.Release|Any CPU.ActiveCfg = Release|Any CPU
		{3494BFE4-6E48-497E-981B-445F21E01659}.Release|Any CPU.Build.0 = Release|Any CPU
		{D9A562EF-882F-4CEA-BA20-CE7845D1202C}.Debug|Any CPU.ActiveCfg = Debug|Any CPU
		{D9A562EF-882F-4CEA-BA20-CE7845D1202C}.Debug|Any CPU.Build.0 = Debug|Any CPU
		{D9A562EF-882F-4CEA-BA20-CE7845D1202C}.Release|Any CPU.ActiveCfg = Release|Any CPU
		{D9A562EF-882F-4CEA-BA20-CE7845D1202C}.Release|Any CPU.Build.0 = Release|Any CPU
		{584063BC-FB32-4B2C-944D-C7D0D57274A0}.Debug|Any CPU.ActiveCfg = Debug|Any CPU
		{584063BC-FB32-4B2C-944D-C7D0D57274A0}.Debug|Any CPU.Build.0 = Debug|Any CPU
		{584063BC-FB32-4B2C-944D-C7D0D57274A0}.Release|Any CPU.ActiveCfg = Release|Any CPU
		{584063BC-FB32-4B2C-944D-C7D0D57274A0}.Release|Any CPU.Build.0 = Release|Any CPU
		{B88AD963-8F70-42A6-A468-99244A9EE29C}.Debug|Any CPU.ActiveCfg = Debug|Any CPU
		{B88AD963-8F70-42A6-A468-99244A9EE29C}.Debug|Any CPU.Build.0 = Debug|Any CPU
		{B88AD963-8F70-42A6-A468-99244A9EE29C}.Release|Any CPU.ActiveCfg = Release|Any CPU
		{B88AD963-8F70-42A6-A468-99244A9EE29C}.Release|Any CPU.Build.0 = Release|Any CPU
		{086C7CF2-806F-4D2D-929F-8294CB98B727}.Debug|Any CPU.ActiveCfg = Debug|Any CPU
		{086C7CF2-806F-4D2D-929F-8294CB98B727}.Debug|Any CPU.Build.0 = Debug|Any CPU
		{086C7CF2-806F-4D2D-929F-8294CB98B727}.Release|Any CPU.ActiveCfg = Release|Any CPU
		{086C7CF2-806F-4D2D-929F-8294CB98B727}.Release|Any CPU.Build.0 = Release|Any CPU
		{A865129C-122E-4101-82FE-873AC1680BFD}.Debug|Any CPU.ActiveCfg = Debug|Any CPU
		{A865129C-122E-4101-82FE-873AC1680BFD}.Debug|Any CPU.Build.0 = Debug|Any CPU
		{A865129C-122E-4101-82FE-873AC1680BFD}.Release|Any CPU.ActiveCfg = Release|Any CPU
		{A865129C-122E-4101-82FE-873AC1680BFD}.Release|Any CPU.Build.0 = Release|Any CPU
		{2CE7ED92-9469-4C3A-9BDF-DD4D48F3A790}.Debug|Any CPU.ActiveCfg = Debug|Any CPU
		{2CE7ED92-9469-4C3A-9BDF-DD4D48F3A790}.Debug|Any CPU.Build.0 = Debug|Any CPU
		{2CE7ED92-9469-4C3A-9BDF-DD4D48F3A790}.Release|Any CPU.ActiveCfg = Release|Any CPU
		{2CE7ED92-9469-4C3A-9BDF-DD4D48F3A790}.Release|Any CPU.Build.0 = Release|Any CPU
		{68FF2FD9-EEAE-4454-B85E-0AEDEAB69A8E}.Debug|Any CPU.ActiveCfg = Debug|Any CPU
		{68FF2FD9-EEAE-4454-B85E-0AEDEAB69A8E}.Debug|Any CPU.Build.0 = Debug|Any CPU
		{68FF2FD9-EEAE-4454-B85E-0AEDEAB69A8E}.Release|Any CPU.ActiveCfg = Release|Any CPU
		{68FF2FD9-EEAE-4454-B85E-0AEDEAB69A8E}.Release|Any CPU.Build.0 = Release|Any CPU
		{2BA447E3-CB20-4855-8C42-CCF4BF539049}.Debug|Any CPU.ActiveCfg = Debug|Any CPU
		{2BA447E3-CB20-4855-8C42-CCF4BF539049}.Debug|Any CPU.Build.0 = Debug|Any CPU
		{2BA447E3-CB20-4855-8C42-CCF4BF539049}.Release|Any CPU.ActiveCfg = Release|Any CPU
		{2BA447E3-CB20-4855-8C42-CCF4BF539049}.Release|Any CPU.Build.0 = Release|Any CPU
	EndGlobalSection
	GlobalSection(SolutionProperties) = preSolution
		HideSolutionNode = FALSE
	EndGlobalSection
	GlobalSection(ExtensibilityGlobals) = postSolution
		SolutionGuid = {7558FC3E-D12F-4104-9417-70FFE083D151}
	EndGlobalSection
EndGlobal
